
Microsoft Visual Studio Solution File, Format Version 12.00
# Visual Studio Version 17
VisualStudioVersion = 17.2.32616.157
MinimumVisualStudioVersion = 10.0.40219.1
Project("{9A19103F-16F7-4668-BE54-9A1E7A4F7556}") = "HelloWeb", "HelloWeb.csproj", "{A2B422AC-21FB-4B28-8B2D-53ABDFDF8F30}"
EndProject
Global
	GlobalSection(SolutionConfigurationPlatforms) = preSolution
		Debug|Any CPU = Debug|Any CPU
		Release|Any CPU = Release|Any CPU
	EndGlobalSection
	GlobalSection(ProjectConfigurationPlatforms) = postSolution
		{A2B422AC-21FB-4B28-8B2D-53ABDFDF8F30}.Debug|Any CPU.ActiveCfg = Debug|Any CPU
		{A2B422AC-21FB-4B28-8B2D-53ABDFDF8F30}.Debug|Any CPU.Build.0 = Debug|Any CPU
		{A2B422AC-21FB-4B28-8B2D-53ABDFDF8F30}.Release|Any CPU.ActiveCfg = Release|Any CPU
		{A2B422AC-21FB-4B28-8B2D-53ABDFDF8F30}.Release|Any CPU.Build.0 = Release|Any CPU
	EndGlobalSection
	GlobalSection(SolutionProperties) = preSolution
		HideSolutionNode = FALSE
	EndGlobalSection
	GlobalSection(ExtensibilityGlobals) = postSolution
		SolutionGuid = {998F91D5-7148-44FC-A590-BC176D0148AB}
	EndGlobalSection
EndGlobal
